
Microsoft Visual Studio Solution File, Format Version 10.00
# Visual C++ Express 2008
Project("{8BC9CEB8-8B4A-11D0-8D11-00A0C91BC942}") = "MLSystemManager", "MLSystemManager.vcproj", "{541C854D-B7F0-4298-A415-A9DCDD2B7188}"
EndProject
Global
	GlobalSection(SolutionConfigurationPlatforms) = preSolution
		Debug|Win32 = Debug|Win32
		Release|Win32 = Release|Win32
		ReleaseNoConsole|Win32 = ReleaseNoConsole|Win32
	EndGlobalSection
	GlobalSection(ProjectConfigurationPlatforms) = postSolution
		{541C854D-B7F0-4298-A415-A9DCDD2B7188}.Debug|Win32.ActiveCfg = Debug|Win32
		{541C854D-B7F0-4298-A415-A9DCDD2B7188}.Debug|Win32.Build.0 = Debug|Win32
		{541C854D-B7F0-4298-A415-A9DCDD2B7188}.Release|Win32.ActiveCfg = Release|Win32
		{541C854D-B7F0-4298-A415-A9DCDD2B7188}.Release|Win32.Build.0 = Release|Win32
		{541C854D-B7F0-4298-A415-A9DCDD2B7188}.ReleaseNoConsole|Win32.ActiveCfg = ReleaseNoConsole|Win32
		{541C854D-B7F0-4298-A415-A9DCDD2B7188}.ReleaseNoConsole|Win32.Build.0 = ReleaseNoConsole|Win32
	EndGlobalSection
	GlobalSection(SolutionProperties) = preSolution
		HideSolutionNode = FALSE
	EndGlobalSection
EndGlobal
